// !$*UTF8*$!
{
	archiveVersion = 1;
	classes = {
	};
	objectVersion = 56;
	objects = {

/* Begin PBXBuildFile section */
		C1A38D2A2A38C74F002DD054 /* AppDelegate.swift in Sources */ = {isa = PBXBuildFile; fileRef = C1A38D292A38C74F002DD054 /* AppDelegate.swift */; };
		C1A38D2C2A38C74F002DD054 /* SceneDelegate.swift in Sources */ = {isa = PBXBuildFile; fileRef = C1A38D2B2A38C74F002DD054 /* SceneDelegate.swift */; };
		C1A38D2E2A38C74F002DD054 /* ViewController.swift in Sources */ = {isa = PBXBuildFile; fileRef = C1A38D2D2A38C74F002DD054 /* ViewController.swift */; };
		C1A38D312A38C74F002DD054 /* Main.storyboard in Resources */ = {isa = PBXBuildFile; fileRef = C1A38D2F2A38C74F002DD054 /* Main.storyboard */; };
		C1A38D332A38C750002DD054 /* Assets.xcassets in Resources */ = {isa = PBXBuildFile; fileRef = C1A38D322A38C750002DD054 /* Assets.xcassets */; };
		C1A38D362A38C750002DD054 /* LaunchScreen.storyboard in Resources */ = {isa = PBXBuildFile; fileRef = C1A38D342A38C750002DD054 /* LaunchScreen.storyboard */; };
		C1A38D412A38C750002DD054 /* CardsWarGameTests.swift in Sources */ = {isa = PBXBuildFile; fileRef = C1A38D402A38C750002DD054 /* CardsWarGameTests.swift */; };
		C1A38D4B2A38C750002DD054 /* CardsWarGameUITests.swift in Sources */ = {isa = PBXBuildFile; fileRef = C1A38D4A2A38C750002DD054 /* CardsWarGameUITests.swift */; };
		C1A38D4D2A38C750002DD054 /* CardsWarGameUITestsLaunchTests.swift in Sources */ = {isa = PBXBuildFile; fileRef = C1A38D4C2A38C750002DD054 /* CardsWarGameUITestsLaunchTests.swift */; };
/* End PBXBuildFile section */

/* Begin PBXContainerItemProxy section */
		C1A38D3D2A38C750002DD054 /* PBXContainerItemProxy */ = {
			isa = PBXContainerItemProxy;
			containerPortal = C1A38D1E2A38C74F002DD054 /* Project object */;
			proxyType = 1;
			remoteGlobalIDString = C1A38D252A38C74F002DD054;
			remoteInfo = CardsWarGame;
		};
		C1A38D472A38C750002DD054 /* PBXContainerItemProxy */ = {
			isa = PBXContainerItemProxy;
			containerPortal = C1A38D1E2A38C74F002DD054 /* Project object */;
			proxyType = 1;
			remoteGlobalIDString = C1A38D252A38C74F002DD054;
			remoteInfo = CardsWarGame;
		};
/* End PBXContainerItemProxy section */

/* Begin PBXFileReference section */
		C1A38D262A38C74F002DD054 /* CardsWarGame.app */ = {isa = PBXFileReference; explicitFileType = wrapper.application; includeInIndex = 0; path = CardsWarGame.app; sourceTree = BUILT_PRODUCTS_DIR; };
		C1A38D292A38C74F002DD054 /* AppDelegate.swift */ = {isa = PBXFileReference; lastKnownFileType = sourcecode.swift; path = AppDelegate.swift; sourceTree = "<group>"; };
		C1A38D2B2A38C74F002DD054 /* SceneDelegate.swift */ = {isa = PBXFileReference; lastKnownFileType = sourcecode.swift; path = SceneDelegate.swift; sourceTree = "<group>"; };
		C1A38D2D2A38C74F002DD054 /* ViewController.swift */ = {isa = PBXFileReference; lastKnownFileType = sourcecode.swift; path = ViewController.swift; sourceTree = "<group>"; };
		C1A38D302A38C74F002DD054 /* Base */ = {isa = PBXFileReference; lastKnownFileType = file.storyboard; name = Base; path = Base.lproj/Main.storyboard; sourceTree = "<group>"; };
		C1A38D322A38C750002DD054 /* Assets.xcassets */ = {isa = PBXFileReference; lastKnownFileType = folder.assetcatalog; path = Assets.xcassets; sourceTree = "<group>"; };
		C1A38D352A38C750002DD054 /* Base */ = {isa = PBXFileReference; lastKnownFileType = file.storyboard; name = Base; path = Base.lproj/LaunchScreen.storyboard; sourceTree = "<group>"; };
		C1A38D372A38C750002DD054 /* Info.plist */ = {isa = PBXFileReference; lastKnownFileType = text.plist.xml; path = Info.plist; sourceTree = "<group>"; };
		C1A38D3C2A38C750002DD054 /* CardsWarGameTests.xctest */ = {isa = PBXFileReference; explicitFileType = wrapper.cfbundle; includeInIndex = 0; path = CardsWarGameTests.xctest; sourceTree = BUILT_PRODUCTS_DIR; };
		C1A38D402A38C750002DD054 /* CardsWarGameTests.swift */ = {isa = PBXFileReference; lastKnownFileType = sourcecode.swift; path = CardsWarGameTests.swift; sourceTree = "<group>"; };
		C1A38D462A38C750002DD054 /* CardsWarGameUITests.xctest */ = {isa = PBXFileReference; explicitFileType = wrapper.cfbundle; includeInIndex = 0; path = CardsWarGameUITests.xctest; sourceTree = BUILT_PRODUCTS_DIR; };
		C1A38D4A2A38C750002DD054 /* CardsWarGameUITests.swift */ = {isa = PBXFileReference; lastKnownFileType = sourcecode.swift; path = CardsWarGameUITests.swift; sourceTree = "<group>"; };
		C1A38D4C2A38C750002DD054 /* CardsWarGameUITestsLaunchTests.swift */ = {isa = PBXFileReference; lastKnownFileType = sourcecode.swift; path = CardsWarGameUITestsLaunchTests.swift; sourceTree = "<group>"; };
/* End PBXFileReference section */

/* Begin PBXFrameworksBuildPhase section */
		C1A38D232A38C74F002DD054 /* Frameworks */ = {
			isa = PBXFrameworksBuildPhase;
			buildActionMask = 2147483647;
			files = (
			);
			runOnlyForDeploymentPostprocessing = 0;
		};
		C1A38D392A38C750002DD054 /* Frameworks */ = {
			isa = PBXFrameworksBuildPhase;
			buildActionMask = 2147483647;
			files = (
			);
			runOnlyForDeploymentPostprocessing = 0;
		};
		C1A38D432A38C750002DD054 /* Frameworks */ = {
			isa = PBXFrameworksBuildPhase;
			buildActionMask = 2147483647;
			files = (
			);
			runOnlyForDeploymentPostprocessing = 0;
		};
/* End PBXFrameworksBuildPhase section */

/* Begin PBXGroup section */
		C1A38D1D2A38C74F002DD054 = {
			isa = PBXGroup;
			children = (
				C1A38D282A38C74F002DD054 /* CardsWarGame */,
				C1A38D3F2A38C750002DD054 /* CardsWarGameTests */,
				C1A38D492A38C750002DD054 /* CardsWarGameUITests */,
				C1A38D272A38C74F002DD054 /* Products */,
			);
			sourceTree = "<group>";
		};
		C1A38D272A38C74F002DD054 /* Products */ = {
			isa = PBXGroup;
			children = (
				C1A38D262A38C74F002DD054 /* CardsWarGame.app */,
				C1A38D3C2A38C750002DD054 /* CardsWarGameTests.xctest */,
				C1A38D462A38C750002DD054 /* CardsWarGameUITests.xctest */,
			);
			name = Products;
			sourceTree = "<group>";
		};
		C1A38D282A38C74F002DD054 /* CardsWarGame */ = {
			isa = PBXGroup;
			children = (
				C1A38D292A38C74F002DD054 /* AppDelegate.swift */,
				C1A38D2B2A38C74F002DD054 /* SceneDelegate.swift */,
				C1A38D2D2A38C74F002DD054 /* ViewController.swift */,
				C1A38D2F2A38C74F002DD054 /* Main.storyboard */,
				C1A38D322A38C750002DD054 /* Assets.xcassets */,
				C1A38D342A38C750002DD054 /* LaunchScreen.storyboard */,
				C1A38D372A38C750002DD054 /* Info.plist */,
			);
			path = CardsWarGame;
			sourceTree = "<group>";
		};
		C1A38D3F2A38C750002DD054 /* CardsWarGameTests */ = {
			isa = PBXGroup;
			children = (
				C1A38D402A38C750002DD054 /* CardsWarGameTests.swift */,
			);
			path = CardsWarGameTests;
			sourceTree = "<group>";
		};
		C1A38D492A38C750002DD054 /* CardsWarGameUITests */ = {
			isa = PBXGroup;
			children = (
				C1A38D4A2A38C750002DD054 /* CardsWarGameUITests.swift */,
				C1A38D4C2A38C750002DD054 /* CardsWarGameUITestsLaunchTests.swift */,
			);
			path = CardsWarGameUITests;
			sourceTree = "<group>";
		};
/* End PBXGroup section */

/* Begin PBXNativeTarget section */
		C1A38D252A38C74F002DD054 /* CardsWarGame */ = {
			isa = PBXNativeTarget;
			buildConfigurationList = C1A38D502A38C750002DD054 /* Build configuration list for PBXNativeTarget "CardsWarGame" */;
			buildPhases = (
				C1A38D222A38C74F002DD054 /* Sources */,
				C1A38D232A38C74F002DD054 /* Frameworks */,
				C1A38D242A38C74F002DD054 /* Resources */,
			);
			buildRules = (
			);
			dependencies = (
			);
			name = CardsWarGame;
			productName = CardsWarGame;
			productReference = C1A38D262A38C74F002DD054 /* CardsWarGame.app */;
			productType = "com.apple.product-type.application";
		};
		C1A38D3B2A38C750002DD054 /* CardsWarGameTests */ = {
			isa = PBXNativeTarget;
			buildConfigurationList = C1A38D532A38C750002DD054 /* Build configuration list for PBXNativeTarget "CardsWarGameTests" */;
			buildPhases = (
				C1A38D382A38C750002DD054 /* Sources */,
				C1A38D392A38C750002DD054 /* Frameworks */,
				C1A38D3A2A38C750002DD054 /* Resources */,
			);
			buildRules = (
			);
			dependencies = (
				C1A38D3E2A38C750002DD054 /* PBXTargetDependency */,
			);
			name = CardsWarGameTests;
			productName = CardsWarGameTests;
			productReference = C1A38D3C2A38C750002DD054 /* CardsWarGameTests.xctest */;
			productType = "com.apple.product-type.bundle.unit-test";
		};
		C1A38D452A38C750002DD054 /* CardsWarGameUITests */ = {
			isa = PBXNativeTarget;
			buildConfigurationList = C1A38D562A38C750002DD054 /* Build configuration list for PBXNativeTarget "CardsWarGameUITests" */;
			buildPhases = (
				C1A38D422A38C750002DD054 /* Sources */,
				C1A38D432A38C750002DD054 /* Frameworks */,
				C1A38D442A38C750002DD054 /* Resources */,
			);
			buildRules = (
			);
			dependencies = (
				C1A38D482A38C750002DD054 /* PBXTargetDependency */,
			);
			name = CardsWarGameUITests;
			productName = CardsWarGameUITests;
			productReference = C1A38D462A38C750002DD054 /* CardsWarGameUITests.xctest */;
			productType = "com.apple.product-type.bundle.ui-testing";
		};
/* End PBXNativeTarget section */

/* Begin PBXProject section */
		C1A38D1E2A38C74F002DD054 /* Project object */ = {
			isa = PBXProject;
			attributes = {
				BuildIndependentTargetsInParallel = 1;
				LastSwiftUpdateCheck = 1430;
				LastUpgradeCheck = 1430;
				TargetAttributes = {
					C1A38D252A38C74F002DD054 = {
						CreatedOnToolsVersion = 14.3;
					};
					C1A38D3B2A38C750002DD054 = {
						CreatedOnToolsVersion = 14.3;
						TestTargetID = C1A38D252A38C74F002DD054;
					};
					C1A38D452A38C750002DD054 = {
						CreatedOnToolsVersion = 14.3;
						TestTargetID = C1A38D252A38C74F002DD054;
					};
				};
			};
			buildConfigurationList = C1A38D212A38C74F002DD054 /* Build configuration list for PBXProject "CardsWarGame" */;
			compatibilityVersion = "Xcode 14.0";
			developmentRegion = en;
			hasScannedForEncodings = 0;
			knownRegions = (
				en,
				Base,
			);
			mainGroup = C1A38D1D2A38C74F002DD054;
			productRefGroup = C1A38D272A38C74F002DD054 /* Products */;
			projectDirPath = "";
			projectRoot = "";
			targets = (
				C1A38D252A38C74F002DD054 /* CardsWarGame */,
				C1A38D3B2A38C750002DD054 /* CardsWarGameTests */,
				C1A38D452A38C750002DD054 /* CardsWarGameUITests */,
			);
		};
/* End PBXProject section */

/* Begin PBXResourcesBuildPhase section */
		C1A38D242A38C74F002DD054 /* Resources */ = {
			isa = PBXResourcesBuildPhase;
			buildActionMask = 2147483647;
			files = (
				C1A38D362A38C750002DD054 /* LaunchScreen.storyboard in Resources */,
				C1A38D332A38C750002DD054 /* Assets.xcassets in Resources */,
				C1A38D312A38C74F002DD054 /* Main.storyboard in Resources */,
			);
			runOnlyForDeploymentPostprocessing = 0;
		};
		C1A38D3A2A38C750002DD054 /* Resources */ = {
			isa = PBXResourcesBuildPhase;
			buildActionMask = 2147483647;
			files = (
			);
			runOnlyForDeploymentPostprocessing = 0;
		};
		C1A38D442A38C750002DD054 /* Resources */ = {
			isa = PBXResourcesBuildPhase;
			buildActionMask = 2147483647;
			files = (
			);
			runOnlyForDeploymentPostprocessing = 0;
		};
/* End PBXResourcesBuildPhase section */

/* Begin PBXSourcesBuildPhase section */
		C1A38D222A38C74F002DD054 /* Sources */ = {
			isa = PBXSourcesBuildPhase;
			buildActionMask = 2147483647;
			files = (
				C1A38D2E2A38C74F002DD054 /* ViewController.swift in Sources */,
				C1A38D2A2A38C74F002DD054 /* AppDelegate.swift in Sources */,
				C1A38D2C2A38C74F002DD054 /* SceneDelegate.swift in Sources */,
			);
			runOnlyForDeploymentPostprocessing = 0;
		};
		C1A38D382A38C750002DD054 /* Sources */ = {
			isa = PBXSourcesBuildPhase;
			buildActionMask = 2147483647;
			files = (
				C1A38D412A38C750002DD054 /* CardsWarGameTests.swift in Sources */,
			);
			runOnlyForDeploymentPostprocessing = 0;
		};
		C1A38D422A38C750002DD054 /* Sources */ = {
			isa = PBXSourcesBuildPhase;
			buildActionMask = 2147483647;
			files = (
				C1A38D4B2A38C750002DD054 /* CardsWarGameUITests.swift in Sources */,
				C1A38D4D2A38C750002DD054 /* CardsWarGameUITestsLaunchTests.swift in Sources */,
			);
			runOnlyForDeploymentPostprocessing = 0;
		};
/* End PBXSourcesBuildPhase section */

/* Begin PBXTargetDependency section */
		C1A38D3E2A38C750002DD054 /* PBXTargetDependency */ = {
			isa = PBXTargetDependency;
			target = C1A38D252A38C74F002DD054 /* CardsWarGame */;
			targetProxy = C1A38D3D2A38C750002DD054 /* PBXContainerItemProxy */;
		};
		C1A38D482A38C750002DD054 /* PBXTargetDependency */ = {
			isa = PBXTargetDependency;
			target = C1A38D252A38C74F002DD054 /* CardsWarGame */;
			targetProxy = C1A38D472A38C750002DD054 /* PBXContainerItemProxy */;
		};
/* End PBXTargetDependency section */

/* Begin PBXVariantGroup section */
		C1A38D2F2A38C74F002DD054 /* Main.storyboard */ = {
			isa = PBXVariantGroup;
			children = (
				C1A38D302A38C74F002DD054 /* Base */,
			);
			name = Main.storyboard;
			sourceTree = "<group>";
		};
		C1A38D342A38C750002DD054 /* LaunchScreen.storyboard */ = {
			isa = PBXVariantGroup;
			children = (
				C1A38D352A38C750002DD054 /* Base */,
			);
			name = LaunchScreen.storyboard;
			sourceTree = "<group>";
		};
/* End PBXVariantGroup section */

/* Begin XCBuildConfiguration section */
		C1A38D4E2A38C750002DD054 /* Debug */ = {
			isa = XCBuildConfiguration;
			buildSettings = {
				ALWAYS_SEARCH_USER_PATHS = NO;
				CLANG_ANALYZER_NONNULL = YES;
				CLANG_ANALYZER_NUMBER_OBJECT_CONVERSION = YES_AGGRESSIVE;
				CLANG_CXX_LANGUAGE_STANDARD = "gnu++20";
				CLANG_ENABLE_MODULES = YES;
				CLANG_ENABLE_OBJC_ARC = YES;
				CLANG_ENABLE_OBJC_WEAK = YES;
				CLANG_WARN_BLOCK_CAPTURE_AUTORELEASING = YES;
				CLANG_WARN_BOOL_CONVERSION = YES;
				CLANG_WARN_COMMA = YES;
				CLANG_WARN_CONSTANT_CONVERSION = YES;
				CLANG_WARN_DEPRECATED_OBJC_IMPLEMENTATIONS = YES;
				CLANG_WARN_DIRECT_OBJC_ISA_USAGE = YES_ERROR;
				CLANG_WARN_DOCUMENTATION_COMMENTS = YES;
				CLANG_WARN_EMPTY_BODY = YES;
				CLANG_WARN_ENUM_CONVERSION = YES;
				CLANG_WARN_INFINITE_RECURSION = YES;
				CLANG_WARN_INT_CONVERSION = YES;
				CLANG_WARN_NON_LITERAL_NULL_CONVERSION = YES;
				CLANG_WARN_OBJC_IMPLICIT_RETAIN_SELF = YES;
				CLANG_WARN_OBJC_LITERAL_CONVERSION = YES;
				CLANG_WARN_OBJC_ROOT_CLASS = YES_ERROR;
				CLANG_WARN_QUOTED_INCLUDE_IN_FRAMEWORK_HEADER = YES;
				CLANG_WARN_RANGE_LOOP_ANALYSIS = YES;
				CLANG_WARN_STRICT_PROTOTYPES = YES;
				CLANG_WARN_SUSPICIOUS_MOVE = YES;
				CLANG_WARN_UNGUARDED_AVAILABILITY = YES_AGGRESSIVE;
				CLANG_WARN_UNREACHABLE_CODE = YES;
				CLANG_WARN__DUPLICATE_METHOD_MATCH = YES;
				COPY_PHASE_STRIP = NO;
				DEBUG_INFORMATION_FORMAT = dwarf;
				ENABLE_STRICT_OBJC_MSGSEND = YES;
				ENABLE_TESTABILITY = YES;
				GCC_C_LANGUAGE_STANDARD = gnu11;
				GCC_DYNAMIC_NO_PIC = NO;
				GCC_NO_COMMON_BLOCKS = YES;
				GCC_OPTIMIZATION_LEVEL = 0;
				GCC_PREPROCESSOR_DEFINITIONS = (
					"DEBUG=1",
					"$(inherited)",
				);
				GCC_WARN_64_TO_32_BIT_CONVERSION = YES;
				GCC_WARN_ABOUT_RETURN_TYPE = YES_ERROR;
				GCC_WARN_UNDECLARED_SELECTOR = YES;
				GCC_WARN_UNINITIALIZED_AUTOS = YES_AGGRESSIVE;
				GCC_WARN_UNUSED_FUNCTION = YES;
				GCC_WARN_UNUSED_VARIABLE = YES;
				IPHONEOS_DEPLOYMENT_TARGET = 16.4;
				MTL_ENABLE_DEBUG_INFO = INCLUDE_SOURCE;
				MTL_FAST_MATH = YES;
				ONLY_ACTIVE_ARCH = YES;
				SDKROOT = iphoneos;
				SWIFT_ACTIVE_COMPILATION_CONDITIONS = DEBUG;
				SWIFT_OPTIMIZATION_LEVEL = "-Onone";
			};
			name = Debug;
		};
		C1A38D4F2A38C750002DD054 /* Release */ = {
			isa = XCBuildConfiguration;
			buildSettings = {
				ALWAYS_SEARCH_USER_PATHS = NO;
				CLANG_ANALYZER_NONNULL = YES;
				CLANG_ANALYZER_NUMBER_OBJECT_CONVERSION = YES_AGGRESSIVE;
				CLANG_CXX_LANGUAGE_STANDARD = "gnu++20";
				CLANG_ENABLE_MODULES = YES;
				CLANG_ENABLE_OBJC_ARC = YES;
				CLANG_ENABLE_OBJC_WEAK = YES;
				CLANG_WARN_BLOCK_CAPTURE_AUTORELEASING = YES;
				CLANG_WARN_BOOL_CONVERSION = YES;
				CLANG_WARN_COMMA = YES;
				CLANG_WARN_CONSTANT_CONVERSION = YES;
				CLANG_WARN_DEPRECATED_OBJC_IMPLEMENTATIONS = YES;
				CLANG_WARN_DIRECT_OBJC_ISA_USAGE = YES_ERROR;
				CLANG_WARN_DOCUMENTATION_COMMENTS = YES;
				CLANG_WARN_EMPTY_BODY = YES;
				CLANG_WARN_ENUM_CONVERSION = YES;
				CLANG_WARN_INFINITE_RECURSION = YES;
				CLANG_WARN_INT_CONVERSION = YES;
				CLANG_WARN_NON_LITERAL_NULL_CONVERSION = YES;
				CLANG_WARN_OBJC_IMPLICIT_RETAIN_SELF = YES;
				CLANG_WARN_OBJC_LITERAL_CONVERSION = YES;
				CLANG_WARN_OBJC_ROOT_CLASS = YES_ERROR;
				CLANG_WARN_QUOTED_INCLUDE_IN_FRAMEWORK_HEADER = YES;
				CLANG_WARN_RANGE_LOOP_ANALYSIS = YES;
				CLANG_WARN_STRICT_PROTOTYPES = YES;
				CLANG_WARN_SUSPICIOUS_MOVE = YES;
				CLANG_WARN_UNGUARDED_AVAILABILITY = YES_AGGRESSIVE;
				CLANG_WARN_UNREACHABLE_CODE = YES;
				CLANG_WARN__DUPLICATE_METHOD_MATCH = YES;
				COPY_PHASE_STRIP = NO;
				DEBUG_INFORMATION_FORMAT = "dwarf-with-dsym";
				ENABLE_NS_ASSERTIONS = NO;
				ENABLE_STRICT_OBJC_MSGSEND = YES;
				GCC_C_LANGUAGE_STANDARD = gnu11;
				GCC_NO_COMMON_BLOCKS = YES;
				GCC_WARN_64_TO_32_BIT_CONVERSION = YES;
				GCC_WARN_ABOUT_RETURN_TYPE = YES_ERROR;
				GCC_WARN_UNDECLARED_SELECTOR = YES;
				GCC_WARN_UNINITIALIZED_AUTOS = YES_AGGRESSIVE;
				GCC_WARN_UNUSED_FUNCTION = YES;
				GCC_WARN_UNUSED_VARIABLE = YES;
				IPHONEOS_DEPLOYMENT_TARGET = 16.4;
				MTL_ENABLE_DEBUG_INFO = NO;
				MTL_FAST_MATH = YES;
				SDKROOT = iphoneos;
				SWIFT_COMPILATION_MODE = wholemodule;
				SWIFT_OPTIMIZATION_LEVEL = "-O";
				VALIDATE_PRODUCT = YES;
			};
			name = Release;
		};
		C1A38D512A38C750002DD054 /* Debug */ = {
			isa = XCBuildConfiguration;
			buildSettings = {
				ASSETCATALOG_COMPILER_APPICON_NAME = AppIcon;
				ASSETCATALOG_COMPILER_GLOBAL_ACCENT_COLOR_NAME = AccentColor;
				CODE_SIGN_STYLE = Automatic;
				CURRENT_PROJECT_VERSION = 1;
				GENERATE_INFOPLIST_FILE = YES;
				INFOPLIST_FILE = CardsWarGame/Info.plist;
				INFOPLIST_KEY_UIApplicationSupportsIndirectInputEvents = YES;
				INFOPLIST_KEY_UILaunchStoryboardName = LaunchScreen;
				INFOPLIST_KEY_UIMainStoryboardFile = Main;
				INFOPLIST_KEY_UISupportedInterfaceOrientations_iPad = "UIInterfaceOrientationPortrait UIInterfaceOrientationPortraitUpsideDown UIInterfaceOrientationLandscapeLeft UIInterfaceOrientationLandscapeRight";
				INFOPLIST_KEY_UISupportedInterfaceOrientations_iPhone = "UIInterfaceOrientationPortrait UIInterfaceOrientationLandscapeLeft UIInterfaceOrientationLandscapeRight";
				LD_RUNPATH_SEARCH_PATHS = (
					"$(inherited)",
					"@executable_path/Frameworks",
				);
				MARKETING_VERSION = 1.0;
				PRODUCT_BUNDLE_IDENTIFIER = com.elads.CardsWarGame;
				PRODUCT_NAME = "$(TARGET_NAME)";
				SWIFT_EMIT_LOC_STRINGS = YES;
				SWIFT_VERSION = 5.0;
				TARGETED_DEVICE_FAMILY = "1,2";
			};
			name = Debug;
		};
		C1A38D522A38C750002DD054 /* Release */ = {
			isa = XCBuildConfiguration;
			buildSettings = {
				ASSETCATALOG_COMPILER_APPICON_NAME = AppIcon;
				ASSETCATALOG_COMPILER_GLOBAL_ACCENT_COLOR_NAME = AccentColor;
				CODE_SIGN_STYLE = Automatic;
				CURRENT_PROJECT_VERSION = 1;
				GENERATE_INFOPLIST_FILE = YES;
				INFOPLIST_FILE = CardsWarGame/Info.plist;
				INFOPLIST_KEY_UIApplicationSupportsIndirectInputEvents = YES;
				INFOPLIST_KEY_UILaunchStoryboardName = LaunchScreen;
				INFOPLIST_KEY_UIMainStoryboardFile = Main;
				INFOPLIST_KEY_UISupportedInterfaceOrientations_iPad = "UIInterfaceOrientationPortrait UIInterfaceOrientationPortraitUpsideDown UIInterfaceOrientationLandscapeLeft UIInterfaceOrientationLandscapeRight";
				INFOPLIST_KEY_UISupportedInterfaceOrientations_iPhone = "UIInterfaceOrientationPortrait UIInterfaceOrientationLandscapeLeft UIInterfaceOrientationLandscapeRight";
				LD_RUNPATH_SEARCH_PATHS = (
					"$(inherited)",
					"@executable_path/Frameworks",
				);
				MARKETING_VERSION = 1.0;
				PRODUCT_BUNDLE_IDENTIFIER = com.elads.CardsWarGame;
				PRODUCT_NAME = "$(TARGET_NAME)";
				SWIFT_EMIT_LOC_STRINGS = YES;
				SWIFT_VERSION = 5.0;
				TARGETED_DEVICE_FAMILY = "1,2";
			};
			name = Release;
		};
		C1A38D542A38C750002DD054 /* Debug */ = {
			isa = XCBuildConfiguration;
			buildSettings = {
				ALWAYS_EMBED_SWIFT_STANDARD_LIBRARIES = YES;
				BUNDLE_LOADER = "$(TEST_HOST)";
				CODE_SIGN_STYLE = Automatic;
				CURRENT_PROJECT_VERSION = 1;
				GENERATE_INFOPLIST_FILE = YES;
				IPHONEOS_DEPLOYMENT_TARGET = 16.4;
				MARKETING_VERSION = 1.0;
				PRODUCT_BUNDLE_IDENTIFIER = com.elads.CardsWarGameTests;
				PRODUCT_NAME = "$(TARGET_NAME)";
				SWIFT_EMIT_LOC_STRINGS = NO;
				SWIFT_VERSION = 5.0;
				TARGETED_DEVICE_FAMILY = "1,2";
				TEST_HOST = "$(BUILT_PRODUCTS_DIR)/CardsWarGame.app/$(BUNDLE_EXECUTABLE_FOLDER_PATH)/CardsWarGame";
			};
			name = Debug;
		};
		C1A38D552A38C750002DD054 /* Release */ = {
			isa = XCBuildConfiguration;
			buildSettings = {
				ALWAYS_EMBED_SWIFT_STANDARD_LIBRARIES = YES;
				BUNDLE_LOADER = "$(TEST_HOST)";
				CODE_SIGN_STYLE = Automatic;
				CURRENT_PROJECT_VERSION = 1;
				GENERATE_INFOPLIST_FILE = YES;
				IPHONEOS_DEPLOYMENT_TARGET = 16.4;
				MARKETING_VERSION = 1.0;
				PRODUCT_BUNDLE_IDENTIFIER = com.elads.CardsWarGameTests;
				PRODUCT_NAME = "$(TARGET_NAME)";
				SWIFT_EMIT_LOC_STRINGS = NO;
				SWIFT_VERSION = 5.0;
				TARGETED_DEVICE_FAMILY = "1,2";
				TEST_HOST = "$(BUILT_PRODUCTS_DIR)/CardsWarGame.app/$(BUNDLE_EXECUTABLE_FOLDER_PATH)/CardsWarGame";
			};
			name = Release;
		};
		C1A38D572A38C750002DD054 /* Debug */ = {
			isa = XCBuildConfiguration;
			buildSettings = {
				ALWAYS_EMBED_SWIFT_STANDARD_LIBRARIES = YES;
				CODE_SIGN_STYLE = Automatic;
				CURRENT_PROJECT_VERSION = 1;
				GENERATE_INFOPLIST_FILE = YES;
				MARKETING_VERSION = 1.0;
				PRODUCT_BUNDLE_IDENTIFIER = com.elads.CardsWarGameUITests;
				PRODUCT_NAME = "$(TARGET_NAME)";
				SWIFT_EMIT_LOC_STRINGS = NO;
				SWIFT_VERSION = 5.0;
				TARGETED_DEVICE_FAMILY = "1,2";
				TEST_TARGET_NAME = CardsWarGame;
			};
			name = Debug;
		};
		C1A38D582A38C750002DD054 /* Release */ = {
			isa = XCBuildConfiguration;
			buildSettings = {
				ALWAYS_EMBED_SWIFT_STANDARD_LIBRARIES = YES;
				CODE_SIGN_STYLE = Automatic;
				CURRENT_PROJECT_VERSION = 1;
				GENERATE_INFOPLIST_FILE = YES;
				MARKETING_VERSION = 1.0;
				PRODUCT_BUNDLE_IDENTIFIER = com.elads.CardsWarGameUITests;
				PRODUCT_NAME = "$(TARGET_NAME)";
				SWIFT_EMIT_LOC_STRINGS = NO;
				SWIFT_VERSION = 5.0;
				TARGETED_DEVICE_FAMILY = "1,2";
				TEST_TARGET_NAME = CardsWarGame;
			};
			name = Release;
		};
/* End XCBuildConfiguration section */

/* Begin XCConfigurationList section */
		C1A38D212A38C74F002DD054 /* Build configuration list for PBXProject "CardsWarGame" */ = {
			isa = XCConfigurationList;
			buildConfigurations = (
				C1A38D4E2A38C750002DD054 /* Debug */,
				C1A38D4F2A38C750002DD054 /* Release */,
			);
			defaultConfigurationIsVisible = 0;
			defaultConfigurationName = Release;
		};
		C1A38D502A38C750002DD054 /* Build configuration list for PBXNativeTarget "CardsWarGame" */ = {
			isa = XCConfigurationList;
			buildConfigurations = (
				C1A38D512A38C750002DD054 /* Debug */,
				C1A38D522A38C750002DD054 /* Release */,
			);
			defaultConfigurationIsVisible = 0;
			defaultConfigurationName = Release;
		};
		C1A38D532A38C750002DD054 /* Build configuration list for PBXNativeTarget "CardsWarGameTests" */ = {
			isa = XCConfigurationList;
			buildConfigurations = (
				C1A38D542A38C750002DD054 /* Debug */,
				C1A38D552A38C750002DD054 /* Release */,
			);
			defaultConfigurationIsVisible = 0;
			defaultConfigurationName = Release;
		};
		C1A38D562A38C750002DD054 /* Build configuration list for PBXNativeTarget "CardsWarGameUITests" */ = {
			isa = XCConfigurationList;
			buildConfigurations = (
				C1A38D572A38C750002DD054 /* Debug */,
				C1A38D582A38C750002DD054 /* Release */,
			);
			defaultConfigurationIsVisible = 0;
			defaultConfigurationName = Release;
		};
/* End XCConfigurationList section */
	};
	rootObject = C1A38D1E2A38C74F002DD054 /* Project object */;
}
